
Microsoft Visual Studio Solution File, Format Version 12.00
# Visual Studio Version 17
VisualStudioVersion = 17.0.32014.148
MinimumVisualStudioVersion = 10.0.40219.1
Project("{9A19103F-16F7-4668-BE54-9A1E7A4F7556}") = "ExercicioFixacao_aula18", "ExercicioFixacao_aula18\ExercicioFixacao_aula18.csproj", "{BC02FBFB-91B3-4A9B-B131-F86F85C3F6A1}"
EndProject
Project("{9A19103F-16F7-4668-BE54-9A1E7A4F7556}") = "ExercicioFixacao_aula23", "ExercicioFixacao_aula23\ExercicioFixacao_aula23.csproj", "{4F17B32E-32AD-4AF5-BC4E-0C0D0FD5FDB8}"
EndProject
Project("{2150E333-8FDC-42A3-9474-1A3956D46DE8}") = "RecapitulandoLogicaDeProgramacao", "RecapitulandoLogicaDeProgramacao", "{918DF896-452A-4681-8674-AE5F498F2801}"
EndProject
Project("{9A19103F-16F7-4668-BE54-9A1E7A4F7556}") = "ExerciciosPropostos_parte1", "ExerciciosPropostos_parte1\ExerciciosPropostos_parte1.csproj", "{FA185E86-A495-408B-B122-7C618F5ECB5E}"
EndProject
Project("{9A19103F-16F7-4668-BE54-9A1E7A4F7556}") = "ExerciciosPropostos_parte2", "ExerciciosPropostos_parte2\ExerciciosPropostos_parte2.csproj", "{87828235-A0B3-41B5-B401-C7BA65015E48}"
EndProject
Project("{FAE04EC0-301F-11D3-BF4B-00C04F79EFBC}") = "ExerciciosPropostos_parte3", "ExercicioPropostos_parte3\ExerciciosPropostos_parte3.csproj", "{C41BCEF7-6307-46D0-A8D8-BF5189C2A9B2}"
EndProject
Project("{FAE04EC0-301F-11D3-BF4B-00C04F79EFBC}") = "ExerciciosPropostos_parte4", "ExerciciosPropostos_parte4\ExerciciosPropostos_parte4.csproj", "{24BBB81D-D1B3-4DD4-9A2D-C5F0EF8248F0}"
EndProject
Global
	GlobalSection(SolutionConfigurationPlatforms) = preSolution
		Debug|Any CPU = Debug|Any CPU
		Release|Any CPU = Release|Any CPU
	EndGlobalSection
	GlobalSection(ProjectConfigurationPlatforms) = postSolution
		{BC02FBFB-91B3-4A9B-B131-F86F85C3F6A1}.Debug|Any CPU.ActiveCfg = Debug|Any CPU
		{BC02FBFB-91B3-4A9B-B131-F86F85C3F6A1}.Debug|Any CPU.Build.0 = Debug|Any CPU
		{BC02FBFB-91B3-4A9B-B131-F86F85C3F6A1}.Release|Any CPU.ActiveCfg = Release|Any CPU
		{BC02FBFB-91B3-4A9B-B131-F86F85C3F6A1}.Release|Any CPU.Build.0 = Release|Any CPU
		{4F17B32E-32AD-4AF5-BC4E-0C0D0FD5FDB8}.Debug|Any CPU.ActiveCfg = Debug|Any CPU
		{4F17B32E-32AD-4AF5-BC4E-0C0D0FD5FDB8}.Debug|Any CPU.Build.0 = Debug|Any CPU
		{4F17B32E-32AD-4AF5-BC4E-0C0D0FD5FDB8}.Release|Any CPU.ActiveCfg = Release|Any CPU
		{4F17B32E-32AD-4AF5-BC4E-0C0D0FD5FDB8}.Release|Any CPU.Build.0 = Release|Any CPU
		{FA185E86-A495-408B-B122-7C618F5ECB5E}.Debug|Any CPU.ActiveCfg = Debug|Any CPU
		{FA185E86-A495-408B-B122-7C618F5ECB5E}.Debug|Any CPU.Build.0 = Debug|Any CPU
		{FA185E86-A495-408B-B122-7C618F5ECB5E}.Release|Any CPU.ActiveCfg = Release|Any CPU
		{FA185E86-A495-408B-B122-7C618F5ECB5E}.Release|Any CPU.Build.0 = Release|Any CPU
		{87828235-A0B3-41B5-B401-C7BA65015E48}.Debug|Any CPU.ActiveCfg = Debug|Any CPU
		{87828235-A0B3-41B5-B401-C7BA65015E48}.Debug|Any CPU.Build.0 = Debug|Any CPU
		{87828235-A0B3-41B5-B401-C7BA65015E48}.Release|Any CPU.ActiveCfg = Release|Any CPU
		{87828235-A0B3-41B5-B401-C7BA65015E48}.Release|Any CPU.Build.0 = Release|Any CPU
		{C41BCEF7-6307-46D0-A8D8-BF5189C2A9B2}.Debug|Any CPU.ActiveCfg = Debug|Any CPU
		{C41BCEF7-6307-46D0-A8D8-BF5189C2A9B2}.Debug|Any CPU.Build.0 = Debug|Any CPU
		{C41BCEF7-6307-46D0-A8D8-BF5189C2A9B2}.Release|Any CPU.ActiveCfg = Release|Any CPU
		{C41BCEF7-6307-46D0-A8D8-BF5189C2A9B2}.Release|Any CPU.Build.0 = Release|Any CPU
		{24BBB81D-D1B3-4DD4-9A2D-C5F0EF8248F0}.Debug|Any CPU.ActiveCfg = Debug|Any CPU
		{24BBB81D-D1B3-4DD4-9A2D-C5F0EF8248F0}.Debug|Any CPU.Build.0 = Debug|Any CPU
		{24BBB81D-D1B3-4DD4-9A2D-C5F0EF8248F0}.Release|Any CPU.ActiveCfg = Release|Any CPU
		{24BBB81D-D1B3-4DD4-9A2D-C5F0EF8248F0}.Release|Any CPU.Build.0 = Release|Any CPU
	EndGlobalSection
	GlobalSection(SolutionProperties) = preSolution
		HideSolutionNode = FALSE
	EndGlobalSection
	GlobalSection(NestedProjects) = preSolution
		{BC02FBFB-91B3-4A9B-B131-F86F85C3F6A1} = {918DF896-452A-4681-8674-AE5F498F2801}
		{4F17B32E-32AD-4AF5-BC4E-0C0D0FD5FDB8} = {918DF896-452A-4681-8674-AE5F498F2801}
		{FA185E86-A495-408B-B122-7C618F5ECB5E} = {918DF896-452A-4681-8674-AE5F498F2801}
		{87828235-A0B3-41B5-B401-C7BA65015E48} = {918DF896-452A-4681-8674-AE5F498F2801}
		{C41BCEF7-6307-46D0-A8D8-BF5189C2A9B2} = {918DF896-452A-4681-8674-AE5F498F2801}
		{24BBB81D-D1B3-4DD4-9A2D-C5F0EF8248F0} = {918DF896-452A-4681-8674-AE5F498F2801}
	EndGlobalSection
	GlobalSection(ExtensibilityGlobals) = postSolution
		SolutionGuid = {D7AC2A5F-E82E-4DDA-B6D7-4B2D8A46FA41}
	EndGlobalSection
EndGlobal
